
Microsoft Visual Studio Solution File, Format Version 12.00
# Visual Studio 15
Project("{FAE04EC0-301F-11D3-BF4B-00C04F79EFBC}") = "Assembly-CSharp-Editor", "Assembly-CSharp-Editor.csproj", "{93F4277E-83F5-F1A0-28B4-E0F29E27E616}"
EndProject
Project("{FAE04EC0-301F-11D3-BF4B-00C04F79EFBC}") = "CFXREditor", "CFXREditor.csproj", "{BDDA72ED-FA4D-07A1-8C66-21C378A3E30A}"
EndProject
Project("{FAE04EC0-301F-11D3-BF4B-00C04F79EFBC}") = "PhotonChat", "PhotonChat.csproj", "{AC36C0EA-4FF2-2067-D730-FF39381B0E17}"
EndProject
Project("{FAE04EC0-301F-11D3-BF4B-00C04F79EFBC}") = "Assembly-CSharp", "Assembly-CSharp.csproj", "{5C8B6EF1-8216-49BA-8221-CC27C28DA8BE}"
EndProject
Project("{FAE04EC0-301F-11D3-BF4B-00C04F79EFBC}") = "VFolders", "VFolders.csproj", "{D4CCD07F-E5A7-5297-0AB9-7B267C0F9111}"
EndProject
Project("{FAE04EC0-301F-11D3-BF4B-00C04F79EFBC}") = "PhotonRealtime", "PhotonRealtime.csproj", "{64437196-C62C-3483-8399-F4ABA831D8E3}"
EndProject
Project("{FAE04EC0-301F-11D3-BF4B-00C04F79EFBC}") = "PhotonUnityNetworking.Editor", "PhotonUnityNetworking.Editor.csproj", "{CE087F27-572B-7A08-9BA0-991DA95A473D}"
EndProject
Project("{FAE04EC0-301F-11D3-BF4B-00C04F79EFBC}") = "VInspector", "VInspector.csproj", "{5590F2BD-A746-CE0A-C966-57EFABC4D7CA}"
EndProject
Project("{FAE04EC0-301F-11D3-BF4B-00C04F79EFBC}") = "PhotonUnityNetworking", "PhotonUnityNetworking.csproj", "{57A0FD92-92FA-3954-DB51-B6F85239D682}"
EndProject
Project("{FAE04EC0-301F-11D3-BF4B-00C04F79EFBC}") = "PhotonUnityNetworking.Demos", "PhotonUnityNetworking.Demos.csproj", "{5C0E324C-7A50-F4E5-07A9-CC99DBC8FE96}"
EndProject
Project("{FAE04EC0-301F-11D3-BF4B-00C04F79EFBC}") = "Assembly-CSharp-firstpass", "Assembly-CSharp-firstpass.csproj", "{1F352259-A0C3-5E6A-1305-70F9E879B708}"
EndProject
Project("{FAE04EC0-301F-11D3-BF4B-00C04F79EFBC}") = "VHierarchy", "VHierarchy.csproj", "{21BC0591-FE9D-ADCF-BEB9-B9D84D9751A5}"
EndProject
Project("{FAE04EC0-301F-11D3-BF4B-00C04F79EFBC}") = "CFXRRuntime", "CFXRRuntime.csproj", "{85985775-7FB5-31D7-5EB2-1AD9DB293760}"
EndProject
Project("{FAE04EC0-301F-11D3-BF4B-00C04F79EFBC}") = "PhotonUnityNetworking.Utilities.PhotonPlayer.Editor", "PhotonUnityNetworking.Utilities.PhotonPlayer.Editor.csproj", "{94C099C7-B273-8BBE-8491-7EA7BEAE25DC}"
EndProject
Project("{FAE04EC0-301F-11D3-BF4B-00C04F79EFBC}") = "CFXRDemo", "CFXRDemo.csproj", "{831ABA93-4903-C711-4787-37C694DD8AA3}"
EndProject
Project("{FAE04EC0-301F-11D3-BF4B-00C04F79EFBC}") = "PhotonUnityNetworking.Utilities", "PhotonUnityNetworking.Utilities.csproj", "{70285EAF-489C-F4DD-0ED9-6C083D78F512}"
EndProject
Project("{FAE04EC0-301F-11D3-BF4B-00C04F79EFBC}") = "PunDemos.DemoHubEditor", "PunDemos.DemoHubEditor.csproj", "{D26779AB-268D-1188-BF2D-AD9572AA2CE2}"
EndProject
Project("{FAE04EC0-301F-11D3-BF4B-00C04F79EFBC}") = "KinoBloom.Runtime", "KinoBloom.Runtime.csproj", "{2A894488-1BEE-CC08-55E2-969A3E121476}"
EndProject
Project("{FAE04EC0-301F-11D3-BF4B-00C04F79EFBC}") = "PunDemos.DemoSlotcarEditor", "PunDemos.DemoSlotcarEditor.csproj", "{BA972219-BA1B-D004-6B66-1D5D0F44486B}"
EndProject
Project("{FAE04EC0-301F-11D3-BF4B-00C04F79EFBC}") = "ToonyColorsPro.Demo.Editor", "ToonyColorsPro.Demo.Editor.csproj", "{24458F19-FC1C-4802-33D6-EAE7866F794C}"
EndProject
Project("{FAE04EC0-301F-11D3-BF4B-00C04F79EFBC}") = "CFXR.WelcomeScreen", "CFXR.WelcomeScreen.csproj", "{6D16DB7D-844F-2801-8C4C-CD92457723F4}"
EndProject
Project("{FAE04EC0-301F-11D3-BF4B-00C04F79EFBC}") = "PhotonUnityNetworking.Utilities.Culling.Editor", "PhotonUnityNetworking.Utilities.Culling.Editor.csproj", "{2B2DC7F1-7311-C1FC-51FF-088D70793A4A}"
EndProject
Global
	GlobalSection(SolutionConfigurationPlatforms) = preSolution
		Debug|Any CPU = Debug|Any CPU
		Release|Any CPU = Release|Any CPU
	EndGlobalSection
	GlobalSection(ProjectConfigurationPlatforms) = postSolution
		{93F4277E-83F5-F1A0-28B4-E0F29E27E616}.Debug|Any CPU.ActiveCfg = Debug|Any CPU
		{93F4277E-83F5-F1A0-28B4-E0F29E27E616}.Debug|Any CPU.Build.0 = Debug|Any CPU
		{93F4277E-83F5-F1A0-28B4-E0F29E27E616}.Release|Any CPU.ActiveCfg = Release|Any CPU
		{93F4277E-83F5-F1A0-28B4-E0F29E27E616}.Release|Any CPU.Build.0 = Release|Any CPU
		{BDDA72ED-FA4D-07A1-8C66-21C378A3E30A}.Debug|Any CPU.ActiveCfg = Debug|Any CPU
		{BDDA72ED-FA4D-07A1-8C66-21C378A3E30A}.Debug|Any CPU.Build.0 = Debug|Any CPU
		{BDDA72ED-FA4D-07A1-8C66-21C378A3E30A}.Release|Any CPU.ActiveCfg = Release|Any CPU
		{BDDA72ED-FA4D-07A1-8C66-21C378A3E30A}.Release|Any CPU.Build.0 = Release|Any CPU
		{AC36C0EA-4FF2-2067-D730-FF39381B0E17}.Debug|Any CPU.ActiveCfg = Debug|Any CPU
		{AC36C0EA-4FF2-2067-D730-FF39381B0E17}.Debug|Any CPU.Build.0 = Debug|Any CPU
		{AC36C0EA-4FF2-2067-D730-FF39381B0E17}.Release|Any CPU.ActiveCfg = Release|Any CPU
		{AC36C0EA-4FF2-2067-D730-FF39381B0E17}.Release|Any CPU.Build.0 = Release|Any CPU
		{5C8B6EF1-8216-49BA-8221-CC27C28DA8BE}.Debug|Any CPU.ActiveCfg = Debug|Any CPU
		{5C8B6EF1-8216-49BA-8221-CC27C28DA8BE}.Debug|Any CPU.Build.0 = Debug|Any CPU
		{5C8B6EF1-8216-49BA-8221-CC27C28DA8BE}.Release|Any CPU.ActiveCfg = Release|Any CPU
		{5C8B6EF1-8216-49BA-8221-CC27C28DA8BE}.Release|Any CPU.Build.0 = Release|Any CPU
		{D4CCD07F-E5A7-5297-0AB9-7B267C0F9111}.Debug|Any CPU.ActiveCfg = Debug|Any CPU
		{D4CCD07F-E5A7-5297-0AB9-7B267C0F9111}.Debug|Any CPU.Build.0 = Debug|Any CPU
		{D4CCD07F-E5A7-5297-0AB9-7B267C0F9111}.Release|Any CPU.ActiveCfg = Release|Any CPU
		{D4CCD07F-E5A7-5297-0AB9-7B267C0F9111}.Release|Any CPU.Build.0 = Release|Any CPU
		{64437196-C62C-3483-8399-F4ABA831D8E3}.Debug|Any CPU.ActiveCfg = Debug|Any CPU
		{64437196-C62C-3483-8399-F4ABA831D8E3}.Debug|Any CPU.Build.0 = Debug|Any CPU
		{64437196-C62C-3483-8399-F4ABA831D8E3}.Release|Any CPU.ActiveCfg = Release|Any CPU
		{64437196-C62C-3483-8399-F4ABA831D8E3}.Release|Any CPU.Build.0 = Release|Any CPU
		{CE087F27-572B-7A08-9BA0-991DA95A473D}.Debug|Any CPU.ActiveCfg = Debug|Any CPU
		{CE087F27-572B-7A08-9BA0-991DA95A473D}.Debug|Any CPU.Build.0 = Debug|Any CPU
		{CE087F27-572B-7A08-9BA0-991DA95A473D}.Release|Any CPU.ActiveCfg = Release|Any CPU
		{CE087F27-572B-7A08-9BA0-991DA95A473D}.Release|Any CPU.Build.0 = Release|Any CPU
		{5590F2BD-A746-CE0A-C966-57EFABC4D7CA}.Debug|Any CPU.ActiveCfg = Debug|Any CPU
		{5590F2BD-A746-CE0A-C966-57EFABC4D7CA}.Debug|Any CPU.Build.0 = Debug|Any CPU
		{5590F2BD-A746-CE0A-C966-57EFABC4D7CA}.Release|Any CPU.ActiveCfg = Release|Any CPU
		{5590F2BD-A746-CE0A-C966-57EFABC4D7CA}.Release|Any CPU.Build.0 = Release|Any CPU
		{57A0FD92-92FA-3954-DB51-B6F85239D682}.Debug|Any CPU.ActiveCfg = Debug|Any CPU
		{57A0FD92-92FA-3954-DB51-B6F85239D682}.Debug|Any CPU.Build.0 = Debug|Any CPU
		{57A0FD92-92FA-3954-DB51-B6F85239D682}.Release|Any CPU.ActiveCfg = Release|Any CPU
		{57A0FD92-92FA-3954-DB51-B6F85239D682}.Release|Any CPU.Build.0 = Release|Any CPU
		{5C0E324C-7A50-F4E5-07A9-CC99DBC8FE96}.Debug|Any CPU.ActiveCfg = Debug|Any CPU
		{5C0E324C-7A50-F4E5-07A9-CC99DBC8FE96}.Debug|Any CPU.Build.0 = Debug|Any CPU
		{5C0E324C-7A50-F4E5-07A9-CC99DBC8FE96}.Release|Any CPU.ActiveCfg = Release|Any CPU
		{5C0E324C-7A50-F4E5-07A9-CC99DBC8FE96}.Release|Any CPU.Build.0 = Release|Any CPU
		{1F352259-A0C3-5E6A-1305-70F9E879B708}.Debug|Any CPU.ActiveCfg = Debug|Any CPU
		{1F352259-A0C3-5E6A-1305-70F9E879B708}.Debug|Any CPU.Build.0 = Debug|Any CPU
		{1F352259-A0C3-5E6A-1305-70F9E879B708}.Release|Any CPU.ActiveCfg = Release|Any CPU
		{1F352259-A0C3-5E6A-1305-70F9E879B708}.Release|Any CPU.Build.0 = Release|Any CPU
		{21BC0591-FE9D-ADCF-BEB9-B9D84D9751A5}.Debug|Any CPU.ActiveCfg = Debug|Any CPU
		{21BC0591-FE9D-ADCF-BEB9-B9D84D9751A5}.Debug|Any CPU.Build.0 = Debug|Any CPU
		{21BC0591-FE9D-ADCF-BEB9-B9D84D9751A5}.Release|Any CPU.ActiveCfg = Release|Any CPU
		{21BC0591-FE9D-ADCF-BEB9-B9D84D9751A5}.Release|Any CPU.Build.0 = Release|Any CPU
		{85985775-7FB5-31D7-5EB2-1AD9DB293760}.Debug|Any CPU.ActiveCfg = Debug|Any CPU
		{85985775-7FB5-31D7-5EB2-1AD9DB293760}.Debug|Any CPU.Build.0 = Debug|Any CPU
		{85985775-7FB5-31D7-5EB2-1AD9DB293760}.Release|Any CPU.ActiveCfg = Release|Any CPU
		{85985775-7FB5-31D7-5EB2-1AD9DB293760}.Release|Any CPU.Build.0 = Release|Any CPU
		{94C099C7-B273-8BBE-8491-7EA7BEAE25DC}.Debug|Any CPU.ActiveCfg = Debug|Any CPU
		{94C099C7-B273-8BBE-8491-7EA7BEAE25DC}.Debug|Any CPU.Build.0 = Debug|Any CPU
		{94C099C7-B273-8BBE-8491-7EA7BEAE25DC}.Release|Any CPU.ActiveCfg = Release|Any CPU
		{94C099C7-B273-8BBE-8491-7EA7BEAE25DC}.Release|Any CPU.Build.0 = Release|Any CPU
		{831ABA93-4903-C711-4787-37C694DD8AA3}.Debug|Any CPU.ActiveCfg = Debug|Any CPU
		{831ABA93-4903-C711-4787-37C694DD8AA3}.Debug|Any CPU.Build.0 = Debug|Any CPU
		{831ABA93-4903-C711-4787-37C694DD8AA3}.Release|Any CPU.ActiveCfg = Release|Any CPU
		{831ABA93-4903-C711-4787-37C694DD8AA3}.Release|Any CPU.Build.0 = Release|Any CPU
		{70285EAF-489C-F4DD-0ED9-6C083D78F512}.Debug|Any CPU.ActiveCfg = Debug|Any CPU
		{70285EAF-489C-F4DD-0ED9-6C083D78F512}.Debug|Any CPU.Build.0 = Debug|Any CPU
		{70285EAF-489C-F4DD-0ED9-6C083D78F512}.Release|Any CPU.ActiveCfg = Release|Any CPU
		{70285EAF-489C-F4DD-0ED9-6C083D78F512}.Release|Any CPU.Build.0 = Release|Any CPU
		{D26779AB-268D-1188-BF2D-AD9572AA2CE2}.Debug|Any CPU.ActiveCfg = Debug|Any CPU
		{D26779AB-268D-1188-BF2D-AD9572AA2CE2}.Debug|Any CPU.Build.0 = Debug|Any CPU
		{D26779AB-268D-1188-BF2D-AD9572AA2CE2}.Release|Any CPU.ActiveCfg = Release|Any CPU
		{D26779AB-268D-1188-BF2D-AD9572AA2CE2}.Release|Any CPU.Build.0 = Release|Any CPU
		{2A894488-1BEE-CC08-55E2-969A3E121476}.Debug|Any CPU.ActiveCfg = Debug|Any CPU
		{2A894488-1BEE-CC08-55E2-969A3E121476}.Debug|Any CPU.Build.0 = Debug|Any CPU
		{2A894488-1BEE-CC08-55E2-969A3E121476}.Release|Any CPU.ActiveCfg = Release|Any CPU
		{2A894488-1BEE-CC08-55E2-969A3E121476}.Release|Any CPU.Build.0 = Release|Any CPU
		{BA972219-BA1B-D004-6B66-1D5D0F44486B}.Debug|Any CPU.ActiveCfg = Debug|Any CPU
		{BA972219-BA1B-D004-6B66-1D5D0F44486B}.Debug|Any CPU.Build.0 = Debug|Any CPU
		{BA972219-BA1B-D004-6B66-1D5D0F44486B}.Release|Any CPU.ActiveCfg = Release|Any CPU
		{BA972219-BA1B-D004-6B66-1D5D0F44486B}.Release|Any CPU.Build.0 = Release|Any CPU
		{24458F19-FC1C-4802-33D6-EAE7866F794C}.Debug|Any CPU.ActiveCfg = Debug|Any CPU
		{24458F19-FC1C-4802-33D6-EAE7866F794C}.Debug|Any CPU.Build.0 = Debug|Any CPU
		{24458F19-FC1C-4802-33D6-EAE7866F794C}.Release|Any CPU.ActiveCfg = Release|Any CPU
		{24458F19-FC1C-4802-33D6-EAE7866F794C}.Release|Any CPU.Build.0 = Release|Any CPU
		{6D16DB7D-844F-2801-8C4C-CD92457723F4}.Debug|Any CPU.ActiveCfg = Debug|Any CPU
		{6D16DB7D-844F-2801-8C4C-CD92457723F4}.Debug|Any CPU.Build.0 = Debug|Any CPU
		{6D16DB7D-844F-2801-8C4C-CD92457723F4}.Release|Any CPU.ActiveCfg = Release|Any CPU
		{6D16DB7D-844F-2801-8C4C-CD92457723F4}.Release|Any CPU.Build.0 = Release|Any CPU
		{2B2DC7F1-7311-C1FC-51FF-088D70793A4A}.Debug|Any CPU.ActiveCfg = Debug|Any CPU
		{2B2DC7F1-7311-C1FC-51FF-088D70793A4A}.Debug|Any CPU.Build.0 = Debug|Any CPU
		{2B2DC7F1-7311-C1FC-51FF-088D70793A4A}.Release|Any CPU.ActiveCfg = Release|Any CPU
		{2B2DC7F1-7311-C1FC-51FF-088D70793A4A}.Release|Any CPU.Build.0 = Release|Any CPU
	EndGlobalSection
	GlobalSection(SolutionProperties) = preSolution
		HideSolutionNode = FALSE
	EndGlobalSection
EndGlobal
